
Microsoft Visual Studio Solution File, Format Version 12.00
# Visual Studio Version 16
VisualStudioVersion = 16.0.31321.278
MinimumVisualStudioVersion = 10.0.40219.1
Project("{FAE04EC0-301F-11D3-BF4B-00C04F79EFBC}") = "unsafeTutorial", "unsafeTutorial\unsafeTutorial.csproj", "{ACCE98F3-F9A9-49C6-B439-D9ED9A31EEC8}"
EndProject
Global
	GlobalSection(SolutionConfigurationPlatforms) = preSolution
		Debug|Any CPU = Debug|Any CPU
		Release|Any CPU = Release|Any CPU
	EndGlobalSection
	GlobalSection(ProjectConfigurationPlatforms) = postSolution
		{ACCE98F3-F9A9-49C6-B439-D9ED9A31EEC8}.Debug|Any CPU.ActiveCfg = Debug|Any CPU
		{ACCE98F3-F9A9-49C6-B439-D9ED9A31EEC8}.Debug|Any CPU.Build.0 = Debug|Any CPU
		{ACCE98F3-F9A9-49C6-B439-D9ED9A31EEC8}.Release|Any CPU.ActiveCfg = Release|Any CPU
		{ACCE98F3-F9A9-49C6-B439-D9ED9A31EEC8}.Release|Any CPU.Build.0 = Release|Any CPU
	EndGlobalSection
	GlobalSection(SolutionProperties) = preSolution
		HideSolutionNode = FALSE
	EndGlobalSection
	GlobalSection(ExtensibilityGlobals) = postSolution
		SolutionGuid = {5F5A02D2-BB12-4378-ABE3-D0C35559FE14}
	EndGlobalSection
EndGlobal
